// !$*UTF8*$!
{
	archiveVersion = 1;
	classes = {
	};
	objectVersion = 46;
	objects = {

/* Begin PBXBuildFile section */
		1CD33E884D9E3358252E82A1 /* ofxToggle.cpp in Sources */ = {isa = PBXBuildFile; fileRef = 907C5B5E104864A2D3A25745 /* ofxToggle.cpp */; };
		483908258D00B98B4BE69F07 /* ofxLabel.cpp in Sources */ = {isa = PBXBuildFile; fileRef = 78D67A00EB899FAC09430597 /* ofxLabel.cpp */; };
		5A4349E9754D6FA14C0F2A3A /* tinyxmlparser.cpp in Sources */ = {isa = PBXBuildFile; fileRef = FC5DA1C87211D4F6377DA719 /* tinyxmlparser.cpp */; };
		5CBB2AB3A60F65431D7B555D /* ofxButton.cpp in Sources */ = {isa = PBXBuildFile; fileRef = C88333E71C9457E441C33474 /* ofxButton.cpp */; };
		5EB9303FA9B240750638AE7C /* MSAFluidSolver.cpp in Sources */ = {isa = PBXBuildFile; fileRef = 5DAA01DF76EA921C7DA7405D /* MSAFluidSolver.cpp */; };
		63B57AC5BF4EF088491E0317 /* ofxXmlSettings.cpp in Sources */ = {isa = PBXBuildFile; fileRef = 50DF87D612C5AAE17AAFA6C0 /* ofxXmlSettings.cpp */; };
		825FA11382B216421AC896A6 /* MSAFluidDrawerBase.cpp in Sources */ = {isa = PBXBuildFile; fileRef = A0E48FD05BDA9491DCA86AAA /* MSAFluidDrawerBase.cpp */; };
		837220E80EB56CD44AD27F2A /* ofxSlider.cpp in Sources */ = {isa = PBXBuildFile; fileRef = 15F2C6477A769C03A56D1401 /* ofxSlider.cpp */; };
		856AA354D08AB4B323081444 /* ofxBaseGui.cpp in Sources */ = {isa = PBXBuildFile; fileRef = 9604B925D32EE39065747725 /* ofxBaseGui.cpp */; };
		933A2227713C720CEFF80FD9 /* tinyxml.cpp in Sources */ = {isa = PBXBuildFile; fileRef = 2B40EDA85BEB63E46785BC29 /* tinyxml.cpp */; };
		9D44DC88EF9E7991B4A09951 /* tinyxmlerror.cpp in Sources */ = {isa = PBXBuildFile; fileRef = 832BDC407620CDBA568B713D /* tinyxmlerror.cpp */; };
		A854A26C873CB7CB18844F73 /* MSACoreGL.cpp in Sources */ = {isa = PBXBuildFile; fileRef = CBA1268BC95928A23E347221 /* MSACoreGL.cpp */; };
		B266578FC55D23BFEBC042E7 /* ofxGuiGroup.cpp in Sources */ = {isa = PBXBuildFile; fileRef = ECF8674C7975F1063C5E30CA /* ofxGuiGroup.cpp */; };
		B56FE57CC35806596D38118C /* ofxSliderGroup.cpp in Sources */ = {isa = PBXBuildFile; fileRef = 802251BAF1B35B1D67B32FD0 /* ofxSliderGroup.cpp */; };
		E4328149138ABC9F0047C5CB /* openFrameworksDebug.a in Frameworks */ = {isa = PBXBuildFile; fileRef = E4328148138ABC890047C5CB /* openFrameworksDebug.a */; };
		E4B69E200A3A1BDC003C02F2 /* main.cpp in Sources */ = {isa = PBXBuildFile; fileRef = E4B69E1D0A3A1BDC003C02F2 /* main.cpp */; };
		E4B69E210A3A1BDC003C02F2 /* ofApp.cpp in Sources */ = {isa = PBXBuildFile; fileRef = E4B69E1E0A3A1BDC003C02F2 /* ofApp.cpp */; };
		E607F50E1C2A35F400712C72 /* ofxCameraSaveLoad.cpp in Sources */ = {isa = PBXBuildFile; fileRef = E607F50C1C2A35F400712C72 /* ofxCameraSaveLoad.cpp */; };
		E62145911C39E8190058BEBD /* ofxLeapMotion2.cpp in Sources */ = {isa = PBXBuildFile; fileRef = E621457D1C39E8190058BEBD /* ofxLeapMotion2.cpp */; };
		E62145921C39E8190058BEBD /* libLeap.dylib in Frameworks */ = {isa = PBXBuildFile; fileRef = E62145871C39E8190058BEBD /* libLeap.dylib */; };
		E664537A1C39A0E5005591D8 /* ofxFirstPersonCamera.cpp in Sources */ = {isa = PBXBuildFile; fileRef = E66453781C39A0E5005591D8 /* ofxFirstPersonCamera.cpp */; };
		E6BCC4891BC7174200C17F42 /* MSAObjCPointer.cpp in Sources */ = {isa = PBXBuildFile; fileRef = E6BCC4871BC7174200C17F42 /* MSAObjCPointer.cpp */; };
		F285EB3169F1566CA3D93C20 /* ofxPanel.cpp in Sources */ = {isa = PBXBuildFile; fileRef = E112B3AEBEA2C091BF2B40AE /* ofxPanel.cpp */; };
/* End PBXBuildFile section */

/* Begin PBXContainerItemProxy section */
		E4328147138ABC890047C5CB /* PBXContainerItemProxy */ = {
			isa = PBXContainerItemProxy;
			containerPortal = E4328143138ABC890047C5CB /* openFrameworksLib.xcodeproj */;
			proxyType = 2;
			remoteGlobalIDString = E4B27C1510CBEB8E00536013;
			remoteInfo = openFrameworks;
		};
		E4EEB9AB138B136A00A80321 /* PBXContainerItemProxy */ = {
			isa = PBXContainerItemProxy;
			containerPortal = E4328143138ABC890047C5CB /* openFrameworksLib.xcodeproj */;
			proxyType = 1;
			remoteGlobalIDString = E4B27C1410CBEB8E00536013;
			remoteInfo = openFrameworks;
		};
/* End PBXContainerItemProxy section */

/* Begin PBXCopyFilesBuildPhase section */
		E4C2427710CC5ABF004149E2 /* CopyFiles */ = {
			isa = PBXCopyFilesBuildPhase;
			buildActionMask = 2147483647;
			dstPath = "";
			dstSubfolderSpec = 10;
			files = (
			);
			runOnlyForDeploymentPostprocessing = 0;
		};
/* End PBXCopyFilesBuildPhase section */

/* Begin PBXFileReference section */
		0008007737C566356F0EF517 /* MSACore-OF.h */ = {isa = PBXFileReference; explicitFileType = sourcecode.c.h; fileEncoding = 30; name = "MSACore-OF.h"; path = "../../../addons/ofxMSACore/src/MSACore-OF.h"; sourceTree = SOURCE_ROOT; };
		01DCC0911400F9ACF5B65578 /* ofxXmlSettings.h */ = {isa = PBXFileReference; explicitFileType = sourcecode.c.h; fileEncoding = 30; name = ofxXmlSettings.h; path = ../../../addons/ofxXmlSettings/src/ofxXmlSettings.h; sourceTree = SOURCE_ROOT; };
		0A1DAC09F322AE313A40706D /* ofxToggle.h */ = {isa = PBXFileReference; explicitFileType = sourcecode.c.h; fileEncoding = 30; name = ofxToggle.h; path = ../../../addons/ofxGui/src/ofxToggle.h; sourceTree = SOURCE_ROOT; };
		15F2C6477A769C03A56D1401 /* ofxSlider.cpp */ = {isa = PBXFileReference; explicitFileType = sourcecode.cpp.cpp; fileEncoding = 30; name = ofxSlider.cpp; path = ../../../addons/ofxGui/src/ofxSlider.cpp; sourceTree = SOURCE_ROOT; };
		17E65988300FBD9AAA2CD0CA /* ofxGui.h */ = {isa = PBXFileReference; explicitFileType = sourcecode.c.h; fileEncoding = 30; name = ofxGui.h; path = ../../../addons/ofxGui/src/ofxGui.h; sourceTree = SOURCE_ROOT; };
		1B7394228935EC892B224435 /* MSAPhysicsParticle.h */ = {isa = PBXFileReference; explicitFileType = sourcecode.c.h; fileEncoding = 30; name = MSAPhysicsParticle.h; path = ../../../addons/ofxMSAPhysics/src/MSAPhysicsParticle.h; sourceTree = SOURCE_ROOT; };
		1C0DA2561397A7DE0246858B /* ofxGuiGroup.h */ = {isa = PBXFileReference; explicitFileType = sourcecode.c.h; fileEncoding = 30; name = ofxGuiGroup.h; path = ../../../addons/ofxGui/src/ofxGuiGroup.h; sourceTree = SOURCE_ROOT; };
		1F197522BC00AB72C1A74679 /* MSAFluidParticleUpdater.h */ = {isa = PBXFileReference; explicitFileType = sourcecode.c.h; fileEncoding = 30; name = MSAFluidParticleUpdater.h; path = ../../../addons/ofxMSAFluid/src/MSAFluidParticleUpdater.h; sourceTree = SOURCE_ROOT; };
		273C939C5E97A162238A28DF /* MSAPhysicsCallbacks.h */ = {isa = PBXFileReference; explicitFileType = sourcecode.c.h; fileEncoding = 30; name = MSAPhysicsCallbacks.h; path = ../../../addons/ofxMSAPhysics/src/MSAPhysicsCallbacks.h; sourceTree = SOURCE_ROOT; };
		2834D88A62CD23F3DE2C47D1 /* ofxButton.h */ = {isa = PBXFileReference; explicitFileType = sourcecode.c.h; fileEncoding = 30; name = ofxButton.h; path = ../../../addons/ofxGui/src/ofxButton.h; sourceTree = SOURCE_ROOT; };
		2ACD183BFDC92283ECCF27DA /* MSAPhysicsSpring.h */ = {isa = PBXFileReference; explicitFileType = sourcecode.c.h; fileEncoding = 30; name = MSAPhysicsSpring.h; path = ../../../addons/ofxMSAPhysics/src/MSAPhysicsSpring.h; sourceTree = SOURCE_ROOT; };
		2B40EDA85BEB63E46785BC29 /* tinyxml.cpp */ = {isa = PBXFileReference; explicitFileType = sourcecode.cpp.cpp; fileEncoding = 30; name = tinyxml.cpp; path = ../../../addons/ofxXmlSettings/libs/tinyxml.cpp; sourceTree = SOURCE_ROOT; };
		2DB4418124248D5A847FA18C /* MSAPhysicsParticleUpdater.h */ = {isa = PBXFileReference; explicitFileType = sourcecode.c.h; fileEncoding = 30; name = MSAPhysicsParticleUpdater.h; path = ../../../addons/ofxMSAPhysics/src/MSAPhysicsParticleUpdater.h; sourceTree = SOURCE_ROOT; };
		3331C345DC25A00DB001E40D /* MSAPhysicsDataRecorder.h */ = {isa = PBXFileReference; explicitFileType = sourcecode.c.h; fileEncoding = 30; name = MSAPhysicsDataRecorder.h; path = ../../../addons/ofxMSAPhysics/src/MSAPhysicsDataRecorder.h; sourceTree = SOURCE_ROOT; };
		338F76BEDAE2B6474DD8A2C9 /* MSAPhysicsParticleDrawer.h */ = {isa = PBXFileReference; explicitFileType = sourcecode.c.h; fileEncoding = 30; name = MSAPhysicsParticleDrawer.h; path = ../../../addons/ofxMSAPhysics/src/MSAPhysicsParticleDrawer.h; sourceTree = SOURCE_ROOT; };
		35AA54A6DFAF95252EDCC3F8 /* MSAPhysicsConstraint.h */ = {isa = PBXFileReference; explicitFileType = sourcecode.c.h; fileEncoding = 30; name = MSAPhysicsConstraint.h; path = ../../../addons/ofxMSAPhysics/src/MSAPhysicsConstraint.h; sourceTree = SOURCE_ROOT; };
		4436D71CE6442E6E1C783A2E /* MSAPhysics2D.h */ = {isa = PBXFileReference; explicitFileType = sourcecode.c.h; fileEncoding = 30; name = MSAPhysics2D.h; path = ../../../addons/ofxMSAPhysics/src/MSAPhysics2D.h; sourceTree = SOURCE_ROOT; };
		50DF87D612C5AAE17AAFA6C0 /* ofxXmlSettings.cpp */ = {isa = PBXFileReference; explicitFileType = sourcecode.cpp.cpp; fileEncoding = 30; name = ofxXmlSettings.cpp; path = ../../../addons/ofxXmlSettings/src/ofxXmlSettings.cpp; sourceTree = SOURCE_ROOT; };
		52AFA1F08C420992CAAAE648 /* ofxSlider.h */ = {isa = PBXFileReference; explicitFileType = sourcecode.c.h; fileEncoding = 30; name = ofxSlider.h; path = ../../../addons/ofxGui/src/ofxSlider.h; sourceTree = SOURCE_ROOT; };
		58B94FFF012004B3A4E58F32 /* MSAFluid.h */ = {isa = PBXFileReference; explicitFileType = sourcecode.c.h; fileEncoding = 30; name = MSAFluid.h; path = ../../../addons/ofxMSAFluid/src/MSAFluid.h; sourceTree = SOURCE_ROOT; };
		5DAA01DF76EA921C7DA7405D /* MSAFluidSolver.cpp */ = {isa = PBXFileReference; explicitFileType = sourcecode.cpp.cpp; fileEncoding = 30; name = MSAFluidSolver.cpp; path = ../../../addons/ofxMSAFluid/src/MSAFluidSolver.cpp; sourceTree = SOURCE_ROOT; };
		742419098E2A7CC7A7F877BA /* MSACoreGL.h */ = {isa = PBXFileReference; explicitFileType = sourcecode.c.h; fileEncoding = 30; name = MSACoreGL.h; path = ../../../addons/ofxMSACore/src/MSACoreGL.h; sourceTree = SOURCE_ROOT; };
		779DD745A53BDF4B7E895832 /* MSACore-Cinder.h */ = {isa = PBXFileReference; explicitFileType = sourcecode.c.h; fileEncoding = 30; name = "MSACore-Cinder.h"; path = "../../../addons/ofxMSACore/src/MSACore-Cinder.h"; sourceTree = SOURCE_ROOT; };
		78D67A00EB899FAC09430597 /* ofxLabel.cpp */ = {isa = PBXFileReference; explicitFileType = sourcecode.cpp.cpp; fileEncoding = 30; name = ofxLabel.cpp; path = ../../../addons/ofxGui/src/ofxLabel.cpp; sourceTree = SOURCE_ROOT; };
		802251BAF1B35B1D67B32FD0 /* ofxSliderGroup.cpp */ = {isa = PBXFileReference; explicitFileType = sourcecode.cpp.cpp; fileEncoding = 30; name = ofxSliderGroup.cpp; path = ../../../addons/ofxGui/src/ofxSliderGroup.cpp; sourceTree = SOURCE_ROOT; };
		832BDC407620CDBA568B713D /* tinyxmlerror.cpp */ = {isa = PBXFileReference; explicitFileType = sourcecode.cpp.cpp; fileEncoding = 30; name = tinyxmlerror.cpp; path = ../../../addons/ofxXmlSettings/libs/tinyxmlerror.cpp; sourceTree = SOURCE_ROOT; };
		87F26B4B24CBD428AD9EEBAA /* ofxBaseGui.h */ = {isa = PBXFileReference; explicitFileType = sourcecode.c.h; fileEncoding = 30; name = ofxBaseGui.h; path = ../../../addons/ofxGui/src/ofxBaseGui.h; sourceTree = SOURCE_ROOT; };
		89449E3044D456F7DE7BEA14 /* ofxPanel.h */ = {isa = PBXFileReference; explicitFileType = sourcecode.c.h; fileEncoding = 30; name = ofxPanel.h; path = ../../../addons/ofxGui/src/ofxPanel.h; sourceTree = SOURCE_ROOT; };
		907C5B5E104864A2D3A25745 /* ofxToggle.cpp */ = {isa = PBXFileReference; explicitFileType = sourcecode.cpp.cpp; fileEncoding = 30; name = ofxToggle.cpp; path = ../../../addons/ofxGui/src/ofxToggle.cpp; sourceTree = SOURCE_ROOT; };
		91B9946AD61CB2D7D94477D6 /* MSAPhysicsParams.h */ = {isa = PBXFileReference; explicitFileType = sourcecode.c.h; fileEncoding = 30; name = MSAPhysicsParams.h; path = ../../../addons/ofxMSAPhysics/src/MSAPhysicsParams.h; sourceTree = SOURCE_ROOT; };
		9604B925D32EE39065747725 /* ofxBaseGui.cpp */ = {isa = PBXFileReference; explicitFileType = sourcecode.cpp.cpp; fileEncoding = 30; name = ofxBaseGui.cpp; path = ../../../addons/ofxGui/src/ofxBaseGui.cpp; sourceTree = SOURCE_ROOT; };
		A03B32B28652D6533C3A1C79 /* MSAFluidDrawerBase.h */ = {isa = PBXFileReference; explicitFileType = sourcecode.c.h; fileEncoding = 30; name = MSAFluidDrawerBase.h; path = ../../../addons/ofxMSAFluid/src/MSAFluidDrawerBase.h; sourceTree = SOURCE_ROOT; };
		A0E48FD05BDA9491DCA86AAA /* MSAFluidDrawerBase.cpp */ = {isa = PBXFileReference; explicitFileType = sourcecode.cpp.cpp; fileEncoding = 30; name = MSAFluidDrawerBase.cpp; path = ../../../addons/ofxMSAFluid/src/MSAFluidDrawerBase.cpp; sourceTree = SOURCE_ROOT; };
		B21E7E5F548EEA92F368040B /* tinyxml.h */ = {isa = PBXFileReference; explicitFileType = sourcecode.c.h; fileEncoding = 30; name = tinyxml.h; path = ../../../addons/ofxXmlSettings/libs/tinyxml.h; sourceTree = SOURCE_ROOT; };
		B6A449D2EF649012F712E2A1 /* MSAPhysics.h */ = {isa = PBXFileReference; explicitFileType = sourcecode.c.h; fileEncoding = 30; name = MSAPhysics.h; path = ../../../addons/ofxMSAPhysics/src/MSAPhysics.h; sourceTree = SOURCE_ROOT; };
		B87C60311EC1FE841C1ECD89 /* ofxLabel.h */ = {isa = PBXFileReference; explicitFileType = sourcecode.c.h; fileEncoding = 30; name = ofxLabel.h; path = ../../../addons/ofxGui/src/ofxLabel.h; sourceTree = SOURCE_ROOT; };
		B9D38288DA32DD412A477F7C /* MSAPhysicsAttraction.h */ = {isa = PBXFileReference; explicitFileType = sourcecode.c.h; fileEncoding = 30; name = MSAPhysicsAttraction.h; path = ../../../addons/ofxMSAPhysics/src/MSAPhysicsAttraction.h; sourceTree = SOURCE_ROOT; };
		BF409A6581828B276295569E /* MSACoreMath.h */ = {isa = PBXFileReference; explicitFileType = sourcecode.c.h; fileEncoding = 30; name = MSACoreMath.h; path = ../../../addons/ofxMSACore/src/MSACoreMath.h; sourceTree = SOURCE_ROOT; };
		C38BBF8F08AC5F3FFA91E78B /* MSAFluidDrawerGl-OF.h */ = {isa = PBXFileReference; explicitFileType = sourcecode.c.h; fileEncoding = 30; name = "MSAFluidDrawerGl-OF.h"; path = "../../../addons/ofxMSAFluid/src/MSAFluidDrawerGl-OF.h"; sourceTree = SOURCE_ROOT; };
		C70D8946940288799E82131E /* ofxSliderGroup.h */ = {isa = PBXFileReference; explicitFileType = sourcecode.c.h; fileEncoding = 30; name = ofxSliderGroup.h; path = ../../../addons/ofxGui/src/ofxSliderGroup.h; sourceTree = SOURCE_ROOT; };
		C88333E71C9457E441C33474 /* ofxButton.cpp */ = {isa = PBXFileReference; explicitFileType = sourcecode.cpp.cpp; fileEncoding = 30; name = ofxButton.cpp; path = ../../../addons/ofxGui/src/ofxButton.cpp; sourceTree = SOURCE_ROOT; };
		CBA1268BC95928A23E347221 /* MSACoreGL.cpp */ = {isa = PBXFileReference; explicitFileType = sourcecode.cpp.cpp; fileEncoding = 30; name = MSACoreGL.cpp; path = ../../../addons/ofxMSACore/src/MSACoreGL.cpp; sourceTree = SOURCE_ROOT; };
		D0B839A50A622A8FB095A0D4 /* MSAPhysicsWorld.h */ = {isa = PBXFileReference; explicitFileType = sourcecode.c.h; fileEncoding = 30; name = MSAPhysicsWorld.h; path = ../../../addons/ofxMSAPhysics/src/MSAPhysicsWorld.h; sourceTree = SOURCE_ROOT; };
		DDC4B8E536952A629F6C5206 /* MSAFluidDrawerGl-Cinder.h */ = {isa = PBXFileReference; explicitFileType = sourcecode.c.h; fileEncoding = 30; name = "MSAFluidDrawerGl-Cinder.h"; path = "../../../addons/ofxMSAFluid/src/MSAFluidDrawerGl-Cinder.h"; sourceTree = SOURCE_ROOT; };
		E112B3AEBEA2C091BF2B40AE /* ofxPanel.cpp */ = {isa = PBXFileReference; explicitFileType = sourcecode.cpp.cpp; fileEncoding = 30; name = ofxPanel.cpp; path = ../../../addons/ofxGui/src/ofxPanel.cpp; sourceTree = SOURCE_ROOT; };
		E4328143138ABC890047C5CB /* openFrameworksLib.xcodeproj */ = {isa = PBXFileReference; lastKnownFileType = "wrapper.pb-project"; name = openFrameworksLib.xcodeproj; path = ../../../libs/openFrameworksCompiled/project/osx/openFrameworksLib.xcodeproj; sourceTree = SOURCE_ROOT; };
		E4B69B5B0A3A1756003C02F2 /* emDebug.app */ = {isa = PBXFileReference; explicitFileType = wrapper.application; includeInIndex = 0; path = emDebug.app; sourceTree = BUILT_PRODUCTS_DIR; };
		E4B69E1D0A3A1BDC003C02F2 /* main.cpp */ = {isa = PBXFileReference; fileEncoding = 30; lastKnownFileType = sourcecode.cpp.cpp; name = main.cpp; path = src/main.cpp; sourceTree = SOURCE_ROOT; };
		E4B69E1E0A3A1BDC003C02F2 /* ofApp.cpp */ = {isa = PBXFileReference; explicitFileType = sourcecode.cpp.cpp; fileEncoding = 30; name = ofApp.cpp; path = src/ofApp.cpp; sourceTree = SOURCE_ROOT; };
		E4B69E1F0A3A1BDC003C02F2 /* ofApp.h */ = {isa = PBXFileReference; fileEncoding = 30; lastKnownFileType = sourcecode.c.h; name = ofApp.h; path = src/ofApp.h; sourceTree = SOURCE_ROOT; };
		E4B6FCAD0C3E899E008CF71C /* openFrameworks-Info.plist */ = {isa = PBXFileReference; fileEncoding = 30; lastKnownFileType = text.plist.xml; path = "openFrameworks-Info.plist"; sourceTree = "<group>"; };
		E4EB691F138AFCF100A09F29 /* CoreOF.xcconfig */ = {isa = PBXFileReference; fileEncoding = 4; lastKnownFileType = text.xcconfig; name = CoreOF.xcconfig; path = ../../../libs/openFrameworksCompiled/project/osx/CoreOF.xcconfig; sourceTree = SOURCE_ROOT; };
		E4EB6923138AFD0F00A09F29 /* Project.xcconfig */ = {isa = PBXFileReference; fileEncoding = 4; lastKnownFileType = text.xcconfig; path = Project.xcconfig; sourceTree = "<group>"; };
		E607F50C1C2A35F400712C72 /* ofxCameraSaveLoad.cpp */ = {isa = PBXFileReference; lastKnownFileType = sourcecode.cpp.cpp; path = ofxCameraSaveLoad.cpp; sourceTree = "<group>"; };
		E607F50D1C2A35F400712C72 /* ofxCameraSaveLoad.h */ = {isa = PBXFileReference; lastKnownFileType = sourcecode.c.h; path = ofxCameraSaveLoad.h; sourceTree = "<group>"; };
		E621457D1C39E8190058BEBD /* ofxLeapMotion2.cpp */ = {isa = PBXFileReference; lastKnownFileType = sourcecode.cpp.cpp; path = ofxLeapMotion2.cpp; sourceTree = "<group>"; };
		E621457E1C39E8190058BEBD /* ofxLeapMotion2.h */ = {isa = PBXFileReference; lastKnownFileType = sourcecode.c.h; path = ofxLeapMotion2.h; sourceTree = "<group>"; };
		E62145811C39E8190058BEBD /* Leap.h */ = {isa = PBXFileReference; lastKnownFileType = sourcecode.c.h; path = Leap.h; sourceTree = "<group>"; };
		E62145821C39E8190058BEBD /* LeapMath.h */ = {isa = PBXFileReference; lastKnownFileType = sourcecode.c.h; path = LeapMath.h; sourceTree = "<group>"; };
		E62145871C39E8190058BEBD /* libLeap.dylib */ = {isa = PBXFileReference; lastKnownFileType = "compiled.mach-o.dylib"; path = libLeap.dylib; sourceTree = "<group>"; };
		E62145971C39ED1B0058BEBD /* poly_frag.glsl */ = {isa = PBXFileReference; lastKnownFileType = text; path = poly_frag.glsl; sourceTree = "<group>"; };
		E62145981C39ED1B0058BEBD /* poly_geom.glsl */ = {isa = PBXFileReference; lastKnownFileType = text; path = poly_geom.glsl; sourceTree = "<group>"; };
		E62145991C39ED1B0058BEBD /* poly_vert.glsl */ = {isa = PBXFileReference; lastKnownFileType = text; path = poly_vert.glsl; sourceTree = "<group>"; };
		E621459D1C39ED1B0058BEBD /* spring_frag.glsl */ = {isa = PBXFileReference; lastKnownFileType = text; path = spring_frag.glsl; sourceTree = "<group>"; };
		E621459E1C39ED1B0058BEBD /* spring_geom.glsl */ = {isa = PBXFileReference; lastKnownFileType = text; path = spring_geom.glsl; sourceTree = "<group>"; };
		E621459F1C39ED1B0058BEBD /* spring_vert.glsl */ = {isa = PBXFileReference; lastKnownFileType = text; path = spring_vert.glsl; sourceTree = "<group>"; };
		E66453781C39A0E5005591D8 /* ofxFirstPersonCamera.cpp */ = {isa = PBXFileReference; lastKnownFileType = sourcecode.cpp.cpp; path = ofxFirstPersonCamera.cpp; sourceTree = "<group>"; };
		E66453791C39A0E5005591D8 /* ofxFirstPersonCamera.h */ = {isa = PBXFileReference; lastKnownFileType = sourcecode.c.h; path = ofxFirstPersonCamera.h; sourceTree = "<group>"; };
		E6BCC4871BC7174200C17F42 /* MSAObjCPointer.cpp */ = {isa = PBXFileReference; lastKnownFileType = sourcecode.cpp.cpp; path = MSAObjCPointer.cpp; sourceTree = "<group>"; };
		E6BCC4881BC7174200C17F42 /* MSAObjCPointer.h */ = {isa = PBXFileReference; lastKnownFileType = sourcecode.c.h; path = MSAObjCPointer.h; sourceTree = "<group>"; };
		ECF8674C7975F1063C5E30CA /* ofxGuiGroup.cpp */ = {isa = PBXFileReference; explicitFileType = sourcecode.cpp.cpp; fileEncoding = 30; name = ofxGuiGroup.cpp; path = ../../../addons/ofxGui/src/ofxGuiGroup.cpp; sourceTree = SOURCE_ROOT; };
		EF872612718328680A4B9D64 /* MSACoreCommon.h */ = {isa = PBXFileReference; explicitFileType = sourcecode.c.h; fileEncoding = 30; name = MSACoreCommon.h; path = ../../../addons/ofxMSACore/src/MSACoreCommon.h; sourceTree = SOURCE_ROOT; };
		F0F5848741DBB0C8CCA7E1C0 /* MSAPhysics3D.h */ = {isa = PBXFileReference; explicitFileType = sourcecode.c.h; fileEncoding = 30; name = MSAPhysics3D.h; path = ../../../addons/ofxMSAPhysics/src/MSAPhysics3D.h; sourceTree = SOURCE_ROOT; };
		F1AE3CD94973EF5B13267CA6 /* MSAFluidSolver.h */ = {isa = PBXFileReference; explicitFileType = sourcecode.c.h; fileEncoding = 30; name = MSAFluidSolver.h; path = ../../../addons/ofxMSAFluid/src/MSAFluidSolver.h; sourceTree = SOURCE_ROOT; };
		F89CFA9BBD18E54CE8F75DFE /* MSACore.h */ = {isa = PBXFileReference; explicitFileType = sourcecode.c.h; fileEncoding = 30; name = MSACore.h; path = ../../../addons/ofxMSACore/src/MSACore.h; sourceTree = SOURCE_ROOT; };
		FB79F4F97B7801FF51F43733 /* MSAPhysicsSector.h */ = {isa = PBXFileReference; explicitFileType = sourcecode.c.h; fileEncoding = 30; name = MSAPhysicsSector.h; path = ../../../addons/ofxMSAPhysics/src/MSAPhysicsSector.h; sourceTree = SOURCE_ROOT; };
		FC5DA1C87211D4F6377DA719 /* tinyxmlparser.cpp */ = {isa = PBXFileReference; explicitFileType = sourcecode.cpp.cpp; fileEncoding = 30; name = tinyxmlparser.cpp; path = ../../../addons/ofxXmlSettings/libs/tinyxmlparser.cpp; sourceTree = SOURCE_ROOT; };
/* End PBXFileReference section */

/* Begin PBXFrameworksBuildPhase section */
		E4B69B590A3A1756003C02F2 /* Frameworks */ = {
			isa = PBXFrameworksBuildPhase;
			buildActionMask = 2147483647;
			files = (
				E62145921C39E8190058BEBD /* libLeap.dylib in Frameworks */,
				E4328149138ABC9F0047C5CB /* openFrameworksDebug.a in Frameworks */,
			);
			runOnlyForDeploymentPostprocessing = 0;
		};
/* End PBXFrameworksBuildPhase section */

/* Begin PBXGroup section */
		1F4FB5C423662B96ADFDCC0B /* ofxXmlSettings */ = {
			isa = PBXGroup;
			children = (
				6ECEF0D76BC33727823EADFF /* src */,
				6E54289412D2D94F45A05113 /* libs */,
			);
			name = ofxXmlSettings;
			sourceTree = "<group>";
		};
		22FA2197DD0EF6E7C3C497B7 /* src */ = {
			isa = PBXGroup;
			children = (
				B6A449D2EF649012F712E2A1 /* MSAPhysics.h */,
				4436D71CE6442E6E1C783A2E /* MSAPhysics2D.h */,
				F0F5848741DBB0C8CCA7E1C0 /* MSAPhysics3D.h */,
				B9D38288DA32DD412A477F7C /* MSAPhysicsAttraction.h */,
				273C939C5E97A162238A28DF /* MSAPhysicsCallbacks.h */,
				35AA54A6DFAF95252EDCC3F8 /* MSAPhysicsConstraint.h */,
				3331C345DC25A00DB001E40D /* MSAPhysicsDataRecorder.h */,
				91B9946AD61CB2D7D94477D6 /* MSAPhysicsParams.h */,
				1B7394228935EC892B224435 /* MSAPhysicsParticle.h */,
				338F76BEDAE2B6474DD8A2C9 /* MSAPhysicsParticleDrawer.h */,
				2DB4418124248D5A847FA18C /* MSAPhysicsParticleUpdater.h */,
				FB79F4F97B7801FF51F43733 /* MSAPhysicsSector.h */,
				2ACD183BFDC92283ECCF27DA /* MSAPhysicsSpring.h */,
				D0B839A50A622A8FB095A0D4 /* MSAPhysicsWorld.h */,
			);
			name = src;
			sourceTree = "<group>";
		};
		3D01193DCC93E22EB67D71C0 /* src */ = {
			isa = PBXGroup;
			children = (
				779DD745A53BDF4B7E895832 /* MSACore-Cinder.h */,
				0008007737C566356F0EF517 /* MSACore-OF.h */,
				F89CFA9BBD18E54CE8F75DFE /* MSACore.h */,
				EF872612718328680A4B9D64 /* MSACoreCommon.h */,
				CBA1268BC95928A23E347221 /* MSACoreGL.cpp */,
				742419098E2A7CC7A7F877BA /* MSACoreGL.h */,
				BF409A6581828B276295569E /* MSACoreMath.h */,
			);
			name = src;
			sourceTree = "<group>";
		};
		4285052C1A445B625F6991C3 /* src */ = {
			isa = PBXGroup;
			children = (
				58B94FFF012004B3A4E58F32 /* MSAFluid.h */,
				A0E48FD05BDA9491DCA86AAA /* MSAFluidDrawerBase.cpp */,
				A03B32B28652D6533C3A1C79 /* MSAFluidDrawerBase.h */,
				DDC4B8E536952A629F6C5206 /* MSAFluidDrawerGl-Cinder.h */,
				C38BBF8F08AC5F3FFA91E78B /* MSAFluidDrawerGl-OF.h */,
				1F197522BC00AB72C1A74679 /* MSAFluidParticleUpdater.h */,
				5DAA01DF76EA921C7DA7405D /* MSAFluidSolver.cpp */,
				F1AE3CD94973EF5B13267CA6 /* MSAFluidSolver.h */,
			);
			name = src;
			sourceTree = "<group>";
		};
		480A780D8D0308AE4A368801 /* ofxGui */ = {
			isa = PBXGroup;
			children = (
				A763ED608B35AE3310251DEE /* src */,
			);
			name = ofxGui;
			sourceTree = "<group>";
		};
		6E54289412D2D94F45A05113 /* libs */ = {
			isa = PBXGroup;
			children = (
				2B40EDA85BEB63E46785BC29 /* tinyxml.cpp */,
				B21E7E5F548EEA92F368040B /* tinyxml.h */,
				832BDC407620CDBA568B713D /* tinyxmlerror.cpp */,
				FC5DA1C87211D4F6377DA719 /* tinyxmlparser.cpp */,
			);
			name = libs;
			sourceTree = "<group>";
		};
		6ECEF0D76BC33727823EADFF /* src */ = {
			isa = PBXGroup;
			children = (
				50DF87D612C5AAE17AAFA6C0 /* ofxXmlSettings.cpp */,
				01DCC0911400F9ACF5B65578 /* ofxXmlSettings.h */,
			);
			name = src;
			sourceTree = "<group>";
		};
		A763ED608B35AE3310251DEE /* src */ = {
			isa = PBXGroup;
			children = (
				9604B925D32EE39065747725 /* ofxBaseGui.cpp */,
				87F26B4B24CBD428AD9EEBAA /* ofxBaseGui.h */,
				C88333E71C9457E441C33474 /* ofxButton.cpp */,
				2834D88A62CD23F3DE2C47D1 /* ofxButton.h */,
				17E65988300FBD9AAA2CD0CA /* ofxGui.h */,
				ECF8674C7975F1063C5E30CA /* ofxGuiGroup.cpp */,
				1C0DA2561397A7DE0246858B /* ofxGuiGroup.h */,
				78D67A00EB899FAC09430597 /* ofxLabel.cpp */,
				B87C60311EC1FE841C1ECD89 /* ofxLabel.h */,
				E112B3AEBEA2C091BF2B40AE /* ofxPanel.cpp */,
				89449E3044D456F7DE7BEA14 /* ofxPanel.h */,
				15F2C6477A769C03A56D1401 /* ofxSlider.cpp */,
				52AFA1F08C420992CAAAE648 /* ofxSlider.h */,
				802251BAF1B35B1D67B32FD0 /* ofxSliderGroup.cpp */,
				C70D8946940288799E82131E /* ofxSliderGroup.h */,
				907C5B5E104864A2D3A25745 /* ofxToggle.cpp */,
				0A1DAC09F322AE313A40706D /* ofxToggle.h */,
			);
			name = src;
			sourceTree = "<group>";
		};
		BB4B014C10F69532006C3DED /* addons */ = {
			isa = PBXGroup;
			children = (
				480A780D8D0308AE4A368801 /* ofxGui */,
				1F4FB5C423662B96ADFDCC0B /* ofxXmlSettings */,
				F8790DCD2E062DF9AA47E810 /* ofxMSACore */,
				D3F713A22A3C00BCDADCEBED /* ofxMSAFluid */,
				BBB46ED124BAFF9F2EAD9484 /* ofxMSAPhysics */,
				E6BCC4851BC7174200C17F42 /* ofxMSAObjCPointer */,
				E607F50A1C2A35F400712C72 /* ofxCameraSaveLoad */,
				E66453761C39A0E5005591D8 /* ofxFirstPersonCamera */,
				E621457B1C39E8190058BEBD /* ofxLeapMotion2 */,
			);
			name = addons;
			sourceTree = "<group>";
		};
		BBB46ED124BAFF9F2EAD9484 /* ofxMSAPhysics */ = {
			isa = PBXGroup;
			children = (
				22FA2197DD0EF6E7C3C497B7 /* src */,
			);
			name = ofxMSAPhysics;
			sourceTree = "<group>";
		};
		D3F713A22A3C00BCDADCEBED /* ofxMSAFluid */ = {
			isa = PBXGroup;
			children = (
				4285052C1A445B625F6991C3 /* src */,
			);
			name = ofxMSAFluid;
			sourceTree = "<group>";
		};
		E4328144138ABC890047C5CB /* Products */ = {
			isa = PBXGroup;
			children = (
				E4328148138ABC890047C5CB /* openFrameworksDebug.a */,
			);
			name = Products;
			sourceTree = "<group>";
		};
		E4B69B4A0A3A1720003C02F2 = {
			isa = PBXGroup;
			children = (
				E4B6FCAD0C3E899E008CF71C /* openFrameworks-Info.plist */,
				E4EB6923138AFD0F00A09F29 /* Project.xcconfig */,
				E4B69E1C0A3A1BDC003C02F2 /* src */,
				E62145961C39ED1B0058BEBD /* shaders */,
				E4EEC9E9138DF44700A80321 /* openFrameworks */,
				BB4B014C10F69532006C3DED /* addons */,
				E4B69B5B0A3A1756003C02F2 /* emDebug.app */,
			);
			sourceTree = "<group>";
		};
		E4B69E1C0A3A1BDC003C02F2 /* src */ = {
			isa = PBXGroup;
			children = (
				E4B69E1D0A3A1BDC003C02F2 /* main.cpp */,
				E4B69E1E0A3A1BDC003C02F2 /* ofApp.cpp */,
				E4B69E1F0A3A1BDC003C02F2 /* ofApp.h */,
			);
			path = src;
			sourceTree = SOURCE_ROOT;
		};
		E4EEC9E9138DF44700A80321 /* openFrameworks */ = {
			isa = PBXGroup;
			children = (
				E4EB691F138AFCF100A09F29 /* CoreOF.xcconfig */,
				E4328143138ABC890047C5CB /* openFrameworksLib.xcodeproj */,
			);
			name = openFrameworks;
			sourceTree = "<group>";
		};
		E607F50A1C2A35F400712C72 /* ofxCameraSaveLoad */ = {
			isa = PBXGroup;
			children = (
				E607F50B1C2A35F400712C72 /* src */,
			);
			name = ofxCameraSaveLoad;
			sourceTree = "<group>";
		};
		E607F50B1C2A35F400712C72 /* src */ = {
			isa = PBXGroup;
			children = (
				E607F50C1C2A35F400712C72 /* ofxCameraSaveLoad.cpp */,
				E607F50D1C2A35F400712C72 /* ofxCameraSaveLoad.h */,
			);
			name = src;
			path = ../../../addons/ofxCameraSaveLoad/src;
			sourceTree = "<group>";
		};
		E621457B1C39E8190058BEBD /* ofxLeapMotion2 */ = {
			isa = PBXGroup;
			children = (
				E621457C1C39E8190058BEBD /* src */,
				E621457F1C39E8190058BEBD /* libs */,
			);
			name = ofxLeapMotion2;
			sourceTree = "<group>";
		};
		E621457C1C39E8190058BEBD /* src */ = {
			isa = PBXGroup;
			children = (
				E621457D1C39E8190058BEBD /* ofxLeapMotion2.cpp */,
				E621457E1C39E8190058BEBD /* ofxLeapMotion2.h */,
			);
			name = src;
			path = ../../../addons/ofxLeapMotion2/src;
			sourceTree = "<group>";
		};
		E621457F1C39E8190058BEBD /* libs */ = {
			isa = PBXGroup;
			children = (
				E62145801C39E8190058BEBD /* include */,
				E62145831C39E8190058BEBD /* lib */,
			);
			name = libs;
			path = ../../../addons/ofxLeapMotion2/libs;
			sourceTree = "<group>";
		};
		E62145801C39E8190058BEBD /* include */ = {
			isa = PBXGroup;
			children = (
				E62145811C39E8190058BEBD /* Leap.h */,
				E62145821C39E8190058BEBD /* LeapMath.h */,
			);
			path = include;
			sourceTree = "<group>";
		};
		E62145831C39E8190058BEBD /* lib */ = {
			isa = PBXGroup;
			children = (
				E62145861C39E8190058BEBD /* osx */,
			);
			path = lib;
			sourceTree = "<group>";
		};
		E62145861C39E8190058BEBD /* osx */ = {
			isa = PBXGroup;
			children = (
				E62145871C39E8190058BEBD /* libLeap.dylib */,
			);
			path = osx;
			sourceTree = "<group>";
		};
		E62145961C39ED1B0058BEBD /* shaders */ = {
			isa = PBXGroup;
			children = (
				E62145971C39ED1B0058BEBD /* poly_frag.glsl */,
				E62145981C39ED1B0058BEBD /* poly_geom.glsl */,
				E62145991C39ED1B0058BEBD /* poly_vert.glsl */,
				E621459D1C39ED1B0058BEBD /* spring_frag.glsl */,
				E621459E1C39ED1B0058BEBD /* spring_geom.glsl */,
				E621459F1C39ED1B0058BEBD /* spring_vert.glsl */,
			);
			name = shaders;
			path = bin/data/shaders;
			sourceTree = "<group>";
		};
		E66453761C39A0E5005591D8 /* ofxFirstPersonCamera */ = {
			isa = PBXGroup;
			children = (
				E66453771C39A0E5005591D8 /* src */,
			);
			name = ofxFirstPersonCamera;
			sourceTree = "<group>";
		};
		E66453771C39A0E5005591D8 /* src */ = {
			isa = PBXGroup;
			children = (
				E66453781C39A0E5005591D8 /* ofxFirstPersonCamera.cpp */,
				E66453791C39A0E5005591D8 /* ofxFirstPersonCamera.h */,
			);
			name = src;
			path = ../../../addons/ofxFirstPersonCamera/src;
			sourceTree = "<group>";
		};
		E6BCC4851BC7174200C17F42 /* ofxMSAObjCPointer */ = {
			isa = PBXGroup;
			children = (
				E6BCC4861BC7174200C17F42 /* src */,
			);
			name = ofxMSAObjCPointer;
			sourceTree = "<group>";
		};
		E6BCC4861BC7174200C17F42 /* src */ = {
			isa = PBXGroup;
			children = (
				E6BCC4871BC7174200C17F42 /* MSAObjCPointer.cpp */,
				E6BCC4881BC7174200C17F42 /* MSAObjCPointer.h */,
			);
			name = src;
			path = ../../../addons/ofxMSAObjCPointer/src;
			sourceTree = "<group>";
		};
		F8790DCD2E062DF9AA47E810 /* ofxMSACore */ = {
			isa = PBXGroup;
			children = (
				3D01193DCC93E22EB67D71C0 /* src */,
			);
			name = ofxMSACore;
			sourceTree = "<group>";
		};
/* End PBXGroup section */

/* Begin PBXNativeTarget section */
		E4B69B5A0A3A1756003C02F2 /* em */ = {
			isa = PBXNativeTarget;
			buildConfigurationList = E4B69B5F0A3A1757003C02F2 /* Build configuration list for PBXNativeTarget "em" */;
			buildPhases = (
				E4B69B580A3A1756003C02F2 /* Sources */,
				E4B69B590A3A1756003C02F2 /* Frameworks */,
				E4B6FFFD0C3F9AB9008CF71C /* ShellScript */,
				E6929D3B1C2DE27500C7EAAA /* ShellScript */,
				E4C2427710CC5ABF004149E2 /* CopyFiles */,
			);
			buildRules = (
			);
			dependencies = (
				E4EEB9AC138B136A00A80321 /* PBXTargetDependency */,
			);
			name = em;
			productName = myOFApp;
			productReference = E4B69B5B0A3A1756003C02F2 /* emDebug.app */;
			productType = "com.apple.product-type.application";
		};
/* End PBXNativeTarget section */

/* Begin PBXProject section */
		E4B69B4C0A3A1720003C02F2 /* Project object */ = {
			isa = PBXProject;
			attributes = {
				LastUpgradeCheck = 0600;
			};
			buildConfigurationList = E4B69B4D0A3A1720003C02F2 /* Build configuration list for PBXProject "em" */;
			compatibilityVersion = "Xcode 3.2";
			developmentRegion = English;
			hasScannedForEncodings = 0;
			knownRegions = (
				English,
				Japanese,
				French,
				German,
				en,
			);
			mainGroup = E4B69B4A0A3A1720003C02F2;
			productRefGroup = E4B69B4A0A3A1720003C02F2;
			projectDirPath = "";
			projectReferences = (
				{
					ProductGroup = E4328144138ABC890047C5CB /* Products */;
					ProjectRef = E4328143138ABC890047C5CB /* openFrameworksLib.xcodeproj */;
				},
			);
			projectRoot = "";
			targets = (
				E4B69B5A0A3A1756003C02F2 /* em */,
			);
		};
/* End PBXProject section */

/* Begin PBXReferenceProxy section */
		E4328148138ABC890047C5CB /* openFrameworksDebug.a */ = {
			isa = PBXReferenceProxy;
			fileType = archive.ar;
			path = openFrameworksDebug.a;
			remoteRef = E4328147138ABC890047C5CB /* PBXContainerItemProxy */;
			sourceTree = BUILT_PRODUCTS_DIR;
		};
/* End PBXReferenceProxy section */

/* Begin PBXShellScriptBuildPhase section */
		E4B6FFFD0C3F9AB9008CF71C /* ShellScript */ = {
			isa = PBXShellScriptBuildPhase;
			buildActionMask = 2147483647;
			files = (
			);
			inputPaths = (
			);
			outputPaths = (
			);
			runOnlyForDeploymentPostprocessing = 0;
			shellPath = /bin/sh;
			shellScript = "rsync -aved ../../../libs/fmodex/lib/osx/libfmodex.dylib \"$TARGET_BUILD_DIR/$PRODUCT_NAME.app/Contents/MacOS/\"; install_name_tool -change ./libfmodex.dylib @executable_path/libfmodex.dylib \"$TARGET_BUILD_DIR/$PRODUCT_NAME.app/Contents/MacOS/$PRODUCT_NAME\";\nmkdir -p \"$TARGET_BUILD_DIR/$PRODUCT_NAME.app/Contents/Resources/\"\nrsync -aved \"$ICON_FILE\" \"$TARGET_BUILD_DIR/$PRODUCT_NAME.app/Contents/Resources/\"\nrsync -aved ../../../libs/glut/lib/osx/GLUT.framework \"$TARGET_BUILD_DIR/$PRODUCT_NAME.app/Contents/Frameworks/\"\n";
		};
		E6929D3B1C2DE27500C7EAAA /* ShellScript */ = {
			isa = PBXShellScriptBuildPhase;
			buildActionMask = 2147483647;
			files = (
			);
			inputPaths = (
			);
			outputPaths = (
			);
			runOnlyForDeploymentPostprocessing = 0;
			shellPath = /bin/sh;
			shellScript = "cp -f ../../../addons/ofxLeapMotion2/libs/lib/osx/libLeap.dylib \"$TARGET_BUILD_DIR/$PRODUCT_NAME.app/Contents/MacOS/libLeap.dylib\"; install_name_tool -change ./libLeap.dylib @executable_path/libLeap.dylib \"$TARGET_BUILD_DIR/$PRODUCT_NAME.app/Contents/MacOS/$PRODUCT_NAME\";\n";
		};
/* End PBXShellScriptBuildPhase section */

/* Begin PBXSourcesBuildPhase section */
		E4B69B580A3A1756003C02F2 /* Sources */ = {
			isa = PBXSourcesBuildPhase;
			buildActionMask = 2147483647;
			files = (
				E4B69E200A3A1BDC003C02F2 /* main.cpp in Sources */,
				E4B69E210A3A1BDC003C02F2 /* ofApp.cpp in Sources */,
				856AA354D08AB4B323081444 /* ofxBaseGui.cpp in Sources */,
				E607F50E1C2A35F400712C72 /* ofxCameraSaveLoad.cpp in Sources */,
				5CBB2AB3A60F65431D7B555D /* ofxButton.cpp in Sources */,
				B266578FC55D23BFEBC042E7 /* ofxGuiGroup.cpp in Sources */,
				483908258D00B98B4BE69F07 /* ofxLabel.cpp in Sources */,
				F285EB3169F1566CA3D93C20 /* ofxPanel.cpp in Sources */,
				837220E80EB56CD44AD27F2A /* ofxSlider.cpp in Sources */,
				E6BCC4891BC7174200C17F42 /* MSAObjCPointer.cpp in Sources */,
				E62145911C39E8190058BEBD /* ofxLeapMotion2.cpp in Sources */,
				B56FE57CC35806596D38118C /* ofxSliderGroup.cpp in Sources */,
				1CD33E884D9E3358252E82A1 /* ofxToggle.cpp in Sources */,
				63B57AC5BF4EF088491E0317 /* ofxXmlSettings.cpp in Sources */,
				E664537A1C39A0E5005591D8 /* ofxFirstPersonCamera.cpp in Sources */,
				933A2227713C720CEFF80FD9 /* tinyxml.cpp in Sources */,
				9D44DC88EF9E7991B4A09951 /* tinyxmlerror.cpp in Sources */,
				5A4349E9754D6FA14C0F2A3A /* tinyxmlparser.cpp in Sources */,
				A854A26C873CB7CB18844F73 /* MSACoreGL.cpp in Sources */,
				825FA11382B216421AC896A6 /* MSAFluidDrawerBase.cpp in Sources */,
				5EB9303FA9B240750638AE7C /* MSAFluidSolver.cpp in Sources */,
			);
			runOnlyForDeploymentPostprocessing = 0;
		};
/* End PBXSourcesBuildPhase section */

/* Begin PBXTargetDependency section */
		E4EEB9AC138B136A00A80321 /* PBXTargetDependency */ = {
			isa = PBXTargetDependency;
			name = openFrameworks;
			targetProxy = E4EEB9AB138B136A00A80321 /* PBXContainerItemProxy */;
		};
/* End PBXTargetDependency section */

/* Begin XCBuildConfiguration section */
		E4B69B4E0A3A1720003C02F2 /* Debug */ = {
			isa = XCBuildConfiguration;
			baseConfigurationReference = E4EB6923138AFD0F00A09F29 /* Project.xcconfig */;
			buildSettings = {
				CONFIGURATION_BUILD_DIR = "$(SRCROOT)/bin/";
				COPY_PHASE_STRIP = NO;
				DEAD_CODE_STRIPPING = YES;
				GCC_AUTO_VECTORIZATION = YES;
				GCC_ENABLE_SSE3_EXTENSIONS = YES;
				GCC_ENABLE_SUPPLEMENTAL_SSE3_INSTRUCTIONS = YES;
				GCC_INLINES_ARE_PRIVATE_EXTERN = NO;
				GCC_OPTIMIZATION_LEVEL = 0;
				GCC_SYMBOLS_PRIVATE_EXTERN = NO;
				GCC_WARN_ABOUT_DEPRECATED_FUNCTIONS = YES;
				GCC_WARN_ABOUT_INVALID_OFFSETOF_MACRO = NO;
				GCC_WARN_ALLOW_INCOMPLETE_PROTOCOL = NO;
				GCC_WARN_UNINITIALIZED_AUTOS = NO;
				GCC_WARN_UNUSED_VALUE = NO;
				GCC_WARN_UNUSED_VARIABLE = NO;
				HEADER_SEARCH_PATHS = (
					"$(OF_CORE_HEADERS)",
					../../../addons/ofxGui/libs,
					../../../addons/ofxGui/src,
					../../../addons/ofxXmlSettings/libs,
					../../../addons/ofxXmlSettings/src,
					../../../addons/ofxCv/libs,
					../../../addons/ofxCv/libs/CLD,
					../../../addons/ofxCv/libs/CLD/include,
					../../../addons/ofxCv/libs/CLD/include/CLD,
					../../../addons/ofxCv/libs/CLD/src,
					../../../addons/ofxCv/libs/ofxCv,
					../../../addons/ofxCv/libs/ofxCv/include,
					../../../addons/ofxCv/libs/ofxCv/include/ofxCv,
					../../../addons/ofxCv/libs/ofxCv/src,
					../../../addons/ofxCv/src,
					../../../addons/ofxMSACore/libs,
					../../../addons/ofxMSACore/src,
					../../../addons/ofxMSAFluid/libs,
					../../../addons/ofxMSAFluid/src,
					../../../addons/ofxMSAPhysics/libs,
					../../../addons/ofxMSAPhysics/src,
					/Users/ssokmen/Documents/LeapSDK/include,
				);
				MACOSX_DEPLOYMENT_TARGET = 10.8;
				ONLY_ACTIVE_ARCH = YES;
				OTHER_CPLUSPLUSFLAGS = (
					"-D__MACOSX_CORE__",
					"-mtune=native",
				);
				SDKROOT = macosx;
			};
			name = Debug;
		};
		E4B69B4F0A3A1720003C02F2 /* Release */ = {
			isa = XCBuildConfiguration;
			baseConfigurationReference = E4EB6923138AFD0F00A09F29 /* Project.xcconfig */;
			buildSettings = {
				CONFIGURATION_BUILD_DIR = "$(SRCROOT)/bin/";
				COPY_PHASE_STRIP = YES;
				DEAD_CODE_STRIPPING = YES;
				GCC_AUTO_VECTORIZATION = YES;
				GCC_ENABLE_SSE3_EXTENSIONS = YES;
				GCC_ENABLE_SUPPLEMENTAL_SSE3_INSTRUCTIONS = YES;
				GCC_INLINES_ARE_PRIVATE_EXTERN = NO;
				GCC_OPTIMIZATION_LEVEL = 3;
				GCC_SYMBOLS_PRIVATE_EXTERN = NO;
				GCC_UNROLL_LOOPS = YES;
				GCC_WARN_ABOUT_DEPRECATED_FUNCTIONS = YES;
				GCC_WARN_ABOUT_INVALID_OFFSETOF_MACRO = NO;
				GCC_WARN_ALLOW_INCOMPLETE_PROTOCOL = NO;
				GCC_WARN_UNINITIALIZED_AUTOS = NO;
				GCC_WARN_UNUSED_VALUE = NO;
				GCC_WARN_UNUSED_VARIABLE = NO;
				HEADER_SEARCH_PATHS = (
					"$(OF_CORE_HEADERS)",
					../../../addons/ofxGui/libs,
					../../../addons/ofxGui/src,
					../../../addons/ofxXmlSettings/libs,
					../../../addons/ofxXmlSettings/src,
					../../../addons/ofxCv/libs,
					../../../addons/ofxCv/libs/CLD,
					../../../addons/ofxCv/libs/CLD/include,
					../../../addons/ofxCv/libs/CLD/include/CLD,
					../../../addons/ofxCv/libs/CLD/src,
					../../../addons/ofxCv/libs/ofxCv,
					../../../addons/ofxCv/libs/ofxCv/include,
					../../../addons/ofxCv/libs/ofxCv/include/ofxCv,
					../../../addons/ofxCv/libs/ofxCv/src,
					../../../addons/ofxCv/src,
					../../../addons/ofxMSACore/libs,
					../../../addons/ofxMSACore/src,
					../../../addons/ofxMSAFluid/libs,
					../../../addons/ofxMSAFluid/src,
					../../../addons/ofxMSAPhysics/libs,
					../../../addons/ofxMSAPhysics/src,
					/Users/ssokmen/Documents/LeapSDK/include,
				);
				MACOSX_DEPLOYMENT_TARGET = 10.8;
				OTHER_CPLUSPLUSFLAGS = (
					"-D__MACOSX_CORE__",
					"-mtune=native",
				);
				SDKROOT = macosx;
			};
			name = Release;
		};
		E4B69B600A3A1757003C02F2 /* Debug */ = {
			isa = XCBuildConfiguration;
			baseConfigurationReference = E4EB6923138AFD0F00A09F29 /* Project.xcconfig */;
			buildSettings = {
				COMBINE_HIDPI_IMAGES = YES;
				COPY_PHASE_STRIP = NO;
				FRAMEWORK_SEARCH_PATHS = (
					"$(inherited)",
					"$(FRAMEWORK_SEARCH_PATHS_QUOTED_FOR_TARGET_1)",
				);
				FRAMEWORK_SEARCH_PATHS_QUOTED_FOR_TARGET_1 = "\"$(SRCROOT)/../../../libs/glut/lib/osx\"";
				GCC_DYNAMIC_NO_PIC = NO;
				GCC_GENERATE_DEBUGGING_SYMBOLS = YES;
				GCC_MODEL_TUNING = NONE;
				HEADER_SEARCH_PATHS = (
					"$(OF_CORE_HEADERS)",
					../../../addons/ofxGui/libs,
					../../../addons/ofxGui/src,
					../../../addons/ofxXmlSettings/libs,
					../../../addons/ofxXmlSettings/src,
					../../../addons/ofxCv/libs,
					../../../addons/ofxCv/libs/CLD,
					../../../addons/ofxCv/libs/CLD/include,
					../../../addons/ofxCv/libs/CLD/include/CLD,
					../../../addons/ofxCv/libs/CLD/src,
					../../../addons/ofxCv/libs/ofxCv,
					../../../addons/ofxCv/libs/ofxCv/include,
					../../../addons/ofxCv/libs/ofxCv/include/ofxCv,
					../../../addons/ofxCv/libs/ofxCv/src,
					../../../addons/ofxCv/src,
					../../../addons/ofxMSACore/libs,
					../../../addons/ofxMSACore/src,
					../../../addons/ofxMSAFluid/libs,
					../../../addons/ofxMSAFluid/src,
					../../../addons/ofxMSAPhysics/libs,
					../../../addons/ofxMSAPhysics/src,
				);
				ICON = "$(ICON_NAME_DEBUG)";
				ICON_FILE = "$(ICON_FILE_PATH)$(ICON)";
				INFOPLIST_FILE = "openFrameworks-Info.plist";
				INSTALL_PATH = "$(HOME)/Applications";
				LIBRARY_SEARCH_PATHS = (
					"$(inherited)",
					../../../addons/ofxLeapMotion2/libs/lib/osx/,
				);
				PRODUCT_NAME = emDebug;
				USER_HEADER_SEARCH_PATHS = ../../../addons/ofxLeapMotion2/libs/include/;
				WRAPPER_EXTENSION = app;
			};
			name = Debug;
		};
		E4B69B610A3A1757003C02F2 /* Release */ = {
			isa = XCBuildConfiguration;
			baseConfigurationReference = E4EB6923138AFD0F00A09F29 /* Project.xcconfig */;
			buildSettings = {
				COMBINE_HIDPI_IMAGES = YES;
				COPY_PHASE_STRIP = YES;
				FRAMEWORK_SEARCH_PATHS = (
					"$(inherited)",
					"$(FRAMEWORK_SEARCH_PATHS_QUOTED_FOR_TARGET_1)",
				);
				FRAMEWORK_SEARCH_PATHS_QUOTED_FOR_TARGET_1 = "\"$(SRCROOT)/../../../libs/glut/lib/osx\"";
				GCC_GENERATE_DEBUGGING_SYMBOLS = YES;
				GCC_MODEL_TUNING = NONE;
				HEADER_SEARCH_PATHS = (
					"$(OF_CORE_HEADERS)",
					../../../addons/ofxGui/libs,
					../../../addons/ofxGui/src,
					../../../addons/ofxXmlSettings/libs,
					../../../addons/ofxXmlSettings/src,
					../../../addons/ofxCv/libs,
					../../../addons/ofxCv/libs/CLD,
					../../../addons/ofxCv/libs/CLD/include,
					../../../addons/ofxCv/libs/CLD/include/CLD,
					../../../addons/ofxCv/libs/CLD/src,
					../../../addons/ofxCv/libs/ofxCv,
					../../../addons/ofxCv/libs/ofxCv/include,
					../../../addons/ofxCv/libs/ofxCv/include/ofxCv,
					../../../addons/ofxCv/libs/ofxCv/src,
					../../../addons/ofxCv/src,
					../../../addons/ofxMSACore/libs,
					../../../addons/ofxMSACore/src,
					../../../addons/ofxMSAFluid/libs,
					../../../addons/ofxMSAFluid/src,
					../../../addons/ofxMSAPhysics/libs,
					../../../addons/ofxMSAPhysics/src,
				);
				ICON = "$(ICON_NAME_RELEASE)";
				ICON_FILE = "$(ICON_FILE_PATH)$(ICON)";
				INFOPLIST_FILE = "openFrameworks-Info.plist";
				INSTALL_PATH = "$(HOME)/Applications";
				LIBRARY_SEARCH_PATHS = (
					"$(inherited)",
					../../../addons/ofxLeapMotion2/libs/lib/osx/,
				);
				PRODUCT_NAME = emDebug;
				USER_HEADER_SEARCH_PATHS = ../../../addons/ofxLeapMotion2/libs/include/;
				WRAPPER_EXTENSION = app;
				baseConfigurationReference = E4EB6923138AFD0F00A09F29;
			};
			name = Release;
		};
/* End XCBuildConfiguration section */

/* Begin XCConfigurationList section */
		E4B69B4D0A3A1720003C02F2 /* Build configuration list for PBXProject "em" */ = {
			isa = XCConfigurationList;
			buildConfigurations = (
				E4B69B4E0A3A1720003C02F2 /* Debug */,
				E4B69B4F0A3A1720003C02F2 /* Release */,
			);
			defaultConfigurationIsVisible = 0;
			defaultConfigurationName = Release;
		};
		E4B69B5F0A3A1757003C02F2 /* Build configuration list for PBXNativeTarget "em" */ = {
			isa = XCConfigurationList;
			buildConfigurations = (
				E4B69B600A3A1757003C02F2 /* Debug */,
				E4B69B610A3A1757003C02F2 /* Release */,
			);
			defaultConfigurationIsVisible = 0;
			defaultConfigurationName = Release;
		};
/* End XCConfigurationList section */
	};
	rootObject = E4B69B4C0A3A1720003C02F2 /* Project object */;
}
